
Microsoft Visual Studio Solution File, Format Version 12.00
# Visual Studio 15
VisualStudioVersion = 15.0.28307.779
MinimumVisualStudioVersion = 10.0.40219.1
Project("{9A19103F-16F7-4668-BE54-9A1E7A4F7556}") = "Calculator", "Calculator\Calculator.csproj", "{60F1EC36-7550-4732-ABD5-77F6A2A67EF9}"
EndProject
Project("{FAE04EC0-301F-11D3-BF4B-00C04F79EFBC}") = "UnitTestProject1", "UnitTestProject1\UnitTestProject1.csproj", "{A80CAD35-A0D5-480B-8A48-BF4215EDAE4D}"
EndProject
Global
	GlobalSection(SolutionConfigurationPlatforms) = preSolution
		Debug|Any CPU = Debug|Any CPU
		Release|Any CPU = Release|Any CPU
	EndGlobalSection
	GlobalSection(ProjectConfigurationPlatforms) = postSolution
		{60F1EC36-7550-4732-ABD5-77F6A2A67EF9}.Debug|Any CPU.ActiveCfg = Debug|Any CPU
		{60F1EC36-7550-4732-ABD5-77F6A2A67EF9}.Debug|Any CPU.Build.0 = Debug|Any CPU
		{60F1EC36-7550-4732-ABD5-77F6A2A67EF9}.Release|Any CPU.ActiveCfg = Release|Any CPU
		{60F1EC36-7550-4732-ABD5-77F6A2A67EF9}.Release|Any CPU.Build.0 = Release|Any CPU
		{A80CAD35-A0D5-480B-8A48-BF4215EDAE4D}.Debug|Any CPU.ActiveCfg = Debug|Any CPU
		{A80CAD35-A0D5-480B-8A48-BF4215EDAE4D}.Debug|Any CPU.Build.0 = Debug|Any CPU
		{A80CAD35-A0D5-480B-8A48-BF4215EDAE4D}.Release|Any CPU.ActiveCfg = Release|Any CPU
		{A80CAD35-A0D5-480B-8A48-BF4215EDAE4D}.Release|Any CPU.Build.0 = Release|Any CPU
	EndGlobalSection
	GlobalSection(SolutionProperties) = preSolution
		HideSolutionNode = FALSE
	EndGlobalSection
	GlobalSection(ExtensibilityGlobals) = postSolution
		SolutionGuid = {E3CB0D29-60C8-48EF-BF08-DFBC86348691}
	EndGlobalSection
EndGlobal
